Microsoft Visual Studio Solution File, Format Version 12.00
# Visual Studio Version 17
VisualStudioVersion = 17.5.2.0
MinimumVisualStudioVersion = 10.0.40219.1
Project("{FAE04EC0-301F-11D3-BF4B-00C04F79EFBC}") = "Infonetica_Task", "Infonetica_Task.csproj", "{38785A3A-2004-6F0C-0721-54566D9E9AD3}"
EndProject
Global
	GlobalSection(SolutionConfigurationPlatforms) = preSolution
		Debug|Any CPU = Debug|Any CPU
		Release|Any CPU = Release|Any CPU
	EndGlobalSection
	GlobalSection(ProjectConfigurationPlatforms) = postSolution
		{38785A3A-2004-6F0C-0721-54566D9E9AD3}.Debug|Any CPU.ActiveCfg = Debug|Any CPU
		{38785A3A-2004-6F0C-0721-54566D9E9AD3}.Debug|Any CPU.Build.0 = Debug|Any CPU
		{38785A3A-2004-6F0C-0721-54566D9E9AD3}.Release|Any CPU.ActiveCfg = Release|Any CPU
		{38785A3A-2004-6F0C-0721-54566D9E9AD3}.Release|Any CPU.Build.0 = Release|Any CPU
	EndGlobalSection
	GlobalSection(SolutionProperties) = preSolution
		HideSolutionNode = FALSE
	EndGlobalSection
	GlobalSection(ExtensibilityGlobals) = postSolution
		SolutionGuid = {23378EBA-D7D1-4813-A0C4-4836F058CF4C}
	EndGlobalSection
EndGlobal
